
Microsoft Visual Studio Solution File, Format Version 12.00
# Visual Studio Version 17
VisualStudioVersion = 17.2.32516.85
MinimumVisualStudioVersion = 10.0.40219.1
Project("{FAE04EC0-301F-11D3-BF4B-00C04F79EFBC}") = "MC Grabber", "MC Grabber.csproj", "{059415E6-D10A-4B6C-B2D5-0FBE22022E60}"
EndProject
Global
	GlobalSection(SolutionConfigurationPlatforms) = preSolution
		Debug|Any CPU = Debug|Any CPU
		Release|Any CPU = Release|Any CPU
	EndGlobalSection
	GlobalSection(ProjectConfigurationPlatforms) = postSolution
		{059415E6-D10A-4B6C-B2D5-0FBE22022E60}.Debug|Any CPU.ActiveCfg = Debug|Any CPU
		{059415E6-D10A-4B6C-B2D5-0FBE22022E60}.Debug|Any CPU.Build.0 = Debug|Any CPU
		{059415E6-D10A-4B6C-B2D5-0FBE22022E60}.Release|Any CPU.ActiveCfg = Release|Any CPU
		{059415E6-D10A-4B6C-B2D5-0FBE22022E60}.Release|Any CPU.Build.0 = Release|Any CPU
	EndGlobalSection
	GlobalSection(SolutionProperties) = preSolution
		HideSolutionNode = FALSE
	EndGlobalSection
	GlobalSection(ExtensibilityGlobals) = postSolution
		SolutionGuid = {D26EA9A9-47F4-4C2D-AAA8-768FE6EEB024}
	EndGlobalSection
EndGlobal
